
Microsoft Visual Studio Solution File, Format Version 12.00
# Visual Studio 15
VisualStudioVersion = 15.0.28307.106
MinimumVisualStudioVersion = 10.0.40219.1
Project("{FAE04EC0-301F-11D3-BF4B-00C04F79EFBC}") = "GoFaster", "GoFaster\GoFaster.csproj", "{F59A19B9-CE74-4731-8D19-CF0DD9CF5FB8}"
EndProject
Global
	GlobalSection(SolutionConfigurationPlatforms) = preSolution
		Debug|Any CPU = Debug|Any CPU
		Release|Any CPU = Release|Any CPU
	EndGlobalSection
	GlobalSection(ProjectConfigurationPlatforms) = postSolution
		{F59A19B9-CE74-4731-8D19-CF0DD9CF5FB8}.Debug|Any CPU.ActiveCfg = Debug|Any CPU
		{F59A19B9-CE74-4731-8D19-CF0DD9CF5FB8}.Debug|Any CPU.Build.0 = Debug|Any CPU
		{F59A19B9-CE74-4731-8D19-CF0DD9CF5FB8}.Release|Any CPU.ActiveCfg = Release|Any CPU
		{F59A19B9-CE74-4731-8D19-CF0DD9CF5FB8}.Release|Any CPU.Build.0 = Release|Any CPU
	EndGlobalSection
	GlobalSection(SolutionProperties) = preSolution
		HideSolutionNode = FALSE
	EndGlobalSection
	GlobalSection(ExtensibilityGlobals) = postSolution
		SolutionGuid = {C6618111-7F35-4F0B-82D2-38FBB942E5EE}
	EndGlobalSection
EndGlobal
